
Microsoft Visual Studio Solution File, Format Version 12.00
# Visual Studio Version 17
VisualStudioVersion = 17.5.33424.131
MinimumVisualStudioVersion = 10.0.40219.1
Project("{FAE04EC0-301F-11D3-BF4B-00C04F79EFBC}") = "DelGen", "DelGen\DelGen.csproj", "{6BEE2846-CEDC-47BE-975F-05A0B571BA95}"
EndProject
Global
	GlobalSection(SolutionConfigurationPlatforms) = preSolution
		Debug|Any CPU = Debug|Any CPU
		Release|Any CPU = Release|Any CPU
	EndGlobalSection
	GlobalSection(ProjectConfigurationPlatforms) = postSolution
		{6BEE2846-CEDC-47BE-975F-05A0B571BA95}.Debug|Any CPU.ActiveCfg = Debug|Any CPU
		{6BEE2846-CEDC-47BE-975F-05A0B571BA95}.Debug|Any CPU.Build.0 = Debug|Any CPU
		{6BEE2846-CEDC-47BE-975F-05A0B571BA95}.Release|Any CPU.ActiveCfg = Release|Any CPU
		{6BEE2846-CEDC-47BE-975F-05A0B571BA95}.Release|Any CPU.Build.0 = Release|Any CPU
	EndGlobalSection
	GlobalSection(SolutionProperties) = preSolution
		HideSolutionNode = FALSE
	EndGlobalSection
	GlobalSection(ExtensibilityGlobals) = postSolution
		SolutionGuid = {FB3735B2-1CB3-4D8D-B1F1-2F1B35A074D7}
	EndGlobalSection
EndGlobal
